// !$*UTF8*$!
{
	archiveVersion = 1;
	classes = {
	};
	objectVersion = 56;
	objects = {

/* Begin PBXBuildFile section */
		BB7DCF042B0D29BE00D70D3E /* ElectronicProductsApp.swift in Sources */ = {isa = PBXBuildFile; fileRef = BB7DCF032B0D29BE00D70D3E /* ElectronicProductsApp.swift */; };
		BB7DCF082B0D29BF00D70D3E /* Assets.xcassets in Resources */ = {isa = PBXBuildFile; fileRef = BB7DCF072B0D29BF00D70D3E /* Assets.xcassets */; };
		BB7DCF0B2B0D29BF00D70D3E /* Preview Assets.xcassets in Resources */ = {isa = PBXBuildFile; fileRef = BB7DCF0A2B0D29BF00D70D3E /* Preview Assets.xcassets */; };
		BB7DCF0D2B0D29BF00D70D3E /* Persistence.swift in Sources */ = {isa = PBXBuildFile; fileRef = BB7DCF0C2B0D29BF00D70D3E /* Persistence.swift */; };
		BB7DCF102B0D29BF00D70D3E /* ElectronicProducts.xcdatamodeld in Sources */ = {isa = PBXBuildFile; fileRef = BB7DCF0E2B0D29BF00D70D3E /* ElectronicProducts.xcdatamodeld */; };
		BB7DCF192B0D2B3B00D70D3E /* ElectronicProduct.swift in Sources */ = {isa = PBXBuildFile; fileRef = BB7DCF182B0D2B3B00D70D3E /* ElectronicProduct.swift */; };
		BB7DCF1C2B0D342100D70D3E /* NetworkManager.swift in Sources */ = {isa = PBXBuildFile; fileRef = BB7DCF1B2B0D342100D70D3E /* NetworkManager.swift */; };
		BB7DCF202B0D349700D70D3E /* ProductGridView.swift in Sources */ = {isa = PBXBuildFile; fileRef = BB7DCF1F2B0D349700D70D3E /* ProductGridView.swift */; };
		BB7DCF222B0D34A600D70D3E /* ProductGridCellView.swift in Sources */ = {isa = PBXBuildFile; fileRef = BB7DCF212B0D34A600D70D3E /* ProductGridCellView.swift */; };
		BB7DCF252B0D354F00D70D3E /* ProductViewModel.swift in Sources */ = {isa = PBXBuildFile; fileRef = BB7DCF242B0D354F00D70D3E /* ProductViewModel.swift */; };
		BB7DCF292B0D35DB00D70D3E /* NetworkError.swift in Sources */ = {isa = PBXBuildFile; fileRef = BB7DCF282B0D35DB00D70D3E /* NetworkError.swift */; };
		BB7DCF2B2B0D361E00D70D3E /* CoreDataManager.swift in Sources */ = {isa = PBXBuildFile; fileRef = BB7DCF2A2B0D361E00D70D3E /* CoreDataManager.swift */; };
		BB7DCF2D2B0D8E2200D70D3E /* Constants.swift in Sources */ = {isa = PBXBuildFile; fileRef = BB7DCF2C2B0D8E2200D70D3E /* Constants.swift */; };
		BB7DCF2F2B0D8E9200D70D3E /* ProductDetailView.swift in Sources */ = {isa = PBXBuildFile; fileRef = BB7DCF2E2B0D8E9200D70D3E /* ProductDetailView.swift */; };
		BB7DCF332B0D8FC000D70D3E /* PreviewData.swift in Sources */ = {isa = PBXBuildFile; fileRef = BB7DCF322B0D8FC000D70D3E /* PreviewData.swift */; };
		BB7DCF352B0D8FFB00D70D3E /* ElectronicProductResponse.swift in Sources */ = {isa = PBXBuildFile; fileRef = BB7DCF342B0D8FFB00D70D3E /* ElectronicProductResponse.swift */; };
/* End PBXBuildFile section */

/* Begin PBXFileReference section */
		BB7DCF002B0D29BE00D70D3E /* ElectronicProducts.app */ = {isa = PBXFileReference; explicitFileType = wrapper.application; includeInIndex = 0; path = ElectronicProducts.app; sourceTree = BUILT_PRODUCTS_DIR; };
		BB7DCF032B0D29BE00D70D3E /* ElectronicProductsApp.swift */ = {isa = PBXFileReference; lastKnownFileType = sourcecode.swift; path = ElectronicProductsApp.swift; sourceTree = "<group>"; };
		BB7DCF072B0D29BF00D70D3E /* Assets.xcassets */ = {isa = PBXFileReference; lastKnownFileType = folder.assetcatalog; path = Assets.xcassets; sourceTree = "<group>"; };
		BB7DCF0A2B0D29BF00D70D3E /* Preview Assets.xcassets */ = {isa = PBXFileReference; lastKnownFileType = folder.assetcatalog; path = "Preview Assets.xcassets"; sourceTree = "<group>"; };
		BB7DCF0C2B0D29BF00D70D3E /* Persistence.swift */ = {isa = PBXFileReference; lastKnownFileType = sourcecode.swift; path = Persistence.swift; sourceTree = "<group>"; };
		BB7DCF0F2B0D29BF00D70D3E /* ElectronicProducts.xcdatamodel */ = {isa = PBXFileReference; lastKnownFileType = wrapper.xcdatamodel; path = ElectronicProducts.xcdatamodel; sourceTree = "<group>"; };
		BB7DCF182B0D2B3B00D70D3E /* ElectronicProduct.swift */ = {isa = PBXFileReference; lastKnownFileType = sourcecode.swift; path = ElectronicProduct.swift; sourceTree = "<group>"; };
		BB7DCF1B2B0D342100D70D3E /* NetworkManager.swift */ = {isa = PBXFileReference; fileEncoding = 4; lastKnownFileType = sourcecode.swift; path = NetworkManager.swift; sourceTree = "<group>"; };
		BB7DCF1F2B0D349700D70D3E /* ProductGridView.swift */ = {isa = PBXFileReference; lastKnownFileType = sourcecode.swift; path = ProductGridView.swift; sourceTree = "<group>"; };
		BB7DCF212B0D34A600D70D3E /* ProductGridCellView.swift */ = {isa = PBXFileReference; lastKnownFileType = sourcecode.swift; path = ProductGridCellView.swift; sourceTree = "<group>"; };
		BB7DCF242B0D354F00D70D3E /* ProductViewModel.swift */ = {isa = PBXFileReference; lastKnownFileType = sourcecode.swift; path = ProductViewModel.swift; sourceTree = "<group>"; };
		BB7DCF282B0D35DB00D70D3E /* NetworkError.swift */ = {isa = PBXFileReference; fileEncoding = 4; lastKnownFileType = sourcecode.swift; path = NetworkError.swift; sourceTree = "<group>"; };
		BB7DCF2A2B0D361E00D70D3E /* CoreDataManager.swift */ = {isa = PBXFileReference; lastKnownFileType = sourcecode.swift; path = CoreDataManager.swift; sourceTree = "<group>"; };
		BB7DCF2C2B0D8E2200D70D3E /* Constants.swift */ = {isa = PBXFileReference; lastKnownFileType = sourcecode.swift; path = Constants.swift; sourceTree = "<group>"; };
		BB7DCF2E2B0D8E9200D70D3E /* ProductDetailView.swift */ = {isa = PBXFileReference; lastKnownFileType = sourcecode.swift; path = ProductDetailView.swift; sourceTree = "<group>"; };
		BB7DCF322B0D8FC000D70D3E /* PreviewData.swift */ = {isa = PBXFileReference; lastKnownFileType = sourcecode.swift; path = PreviewData.swift; sourceTree = "<group>"; };
		BB7DCF342B0D8FFB00D70D3E /* ElectronicProductResponse.swift */ = {isa = PBXFileReference; lastKnownFileType = sourcecode.swift; path = ElectronicProductResponse.swift; sourceTree = "<group>"; };
/* End PBXFileReference section */

/* Begin PBXFrameworksBuildPhase section */
		BB7DCEFD2B0D29BE00D70D3E /* Frameworks */ = {
			isa = PBXFrameworksBuildPhase;
			buildActionMask = 2147483647;
			files = (
			);
			runOnlyForDeploymentPostprocessing = 0;
		};
/* End PBXFrameworksBuildPhase section */

/* Begin PBXGroup section */
		BB7DCEF72B0D29BE00D70D3E = {
			isa = PBXGroup;
			children = (
				BB7DCF022B0D29BE00D70D3E /* ElectronicProducts */,
				BB7DCF012B0D29BE00D70D3E /* Products */,
			);
			sourceTree = "<group>";
		};
		BB7DCF012B0D29BE00D70D3E /* Products */ = {
			isa = PBXGroup;
			children = (
				BB7DCF002B0D29BE00D70D3E /* ElectronicProducts.app */,
			);
			name = Products;
			sourceTree = "<group>";
		};
		BB7DCF022B0D29BE00D70D3E /* ElectronicProducts */ = {
			isa = PBXGroup;
			children = (
				BB7DCF272B0D35DB00D70D3E /* Enums */,
				BB7DCF1E2B0D343100D70D3E /* ViewModels */,
				BB7DCF1D2B0D342C00D70D3E /* Views */,
				BB7DCF1A2B0D342100D70D3E /* Utilities */,
				BB7DCF172B0D2B2800D70D3E /* Model */,
				BB7DCF162B0D2B2200D70D3E /* CoreData */,
				BB7DCF032B0D29BE00D70D3E /* ElectronicProductsApp.swift */,
				BB7DCF072B0D29BF00D70D3E /* Assets.xcassets */,
				BB7DCF0C2B0D29BF00D70D3E /* Persistence.swift */,
				BB7DCF0E2B0D29BF00D70D3E /* ElectronicProducts.xcdatamodeld */,
				BB7DCF092B0D29BF00D70D3E /* Preview Content */,
			);
			path = ElectronicProducts;
			sourceTree = "<group>";
		};
		BB7DCF092B0D29BF00D70D3E /* Preview Content */ = {
			isa = PBXGroup;
			children = (
				BB7DCF0A2B0D29BF00D70D3E /* Preview Assets.xcassets */,
				BB7DCF322B0D8FC000D70D3E /* PreviewData.swift */,
			);
			path = "Preview Content";
			sourceTree = "<group>";
		};
		BB7DCF162B0D2B2200D70D3E /* CoreData */ = {
			isa = PBXGroup;
			children = (
				BB7DCF2A2B0D361E00D70D3E /* CoreDataManager.swift */,
			);
			path = CoreData;
			sourceTree = "<group>";
		};
		BB7DCF172B0D2B2800D70D3E /* Model */ = {
			isa = PBXGroup;
			children = (
				BB7DCF182B0D2B3B00D70D3E /* ElectronicProduct.swift */,
				BB7DCF342B0D8FFB00D70D3E /* ElectronicProductResponse.swift */,
			);
			path = Model;
			sourceTree = "<group>";
		};
		BB7DCF1A2B0D342100D70D3E /* Utilities */ = {
			isa = PBXGroup;
			children = (
				BB7DCF1B2B0D342100D70D3E /* NetworkManager.swift */,
				BB7DCF2C2B0D8E2200D70D3E /* Constants.swift */,
			);
			path = Utilities;
			sourceTree = "<group>";
		};
		BB7DCF1D2B0D342C00D70D3E /* Views */ = {
			isa = PBXGroup;
			children = (
				BB7DCF312B0D8E9F00D70D3E /* ProductDetailView */,
				BB7DCF302B0D8E9600D70D3E /* ProductGridView */,
			);
			path = Views;
			sourceTree = "<group>";
		};
		BB7DCF1E2B0D343100D70D3E /* ViewModels */ = {
			isa = PBXGroup;
			children = (
				BB7DCF242B0D354F00D70D3E /* ProductViewModel.swift */,
			);
			path = ViewModels;
			sourceTree = "<group>";
		};
		BB7DCF272B0D35DB00D70D3E /* Enums */ = {
			isa = PBXGroup;
			children = (
				BB7DCF282B0D35DB00D70D3E /* NetworkError.swift */,
			);
			path = Enums;
			sourceTree = "<group>";
		};
		BB7DCF302B0D8E9600D70D3E /* ProductGridView */ = {
			isa = PBXGroup;
			children = (
				BB7DCF1F2B0D349700D70D3E /* ProductGridView.swift */,
				BB7DCF212B0D34A600D70D3E /* ProductGridCellView.swift */,
			);
			path = ProductGridView;
			sourceTree = "<group>";
		};
		BB7DCF312B0D8E9F00D70D3E /* ProductDetailView */ = {
			isa = PBXGroup;
			children = (
				BB7DCF2E2B0D8E9200D70D3E /* ProductDetailView.swift */,
			);
			path = ProductDetailView;
			sourceTree = "<group>";
		};
/* End PBXGroup section */

/* Begin PBXNativeTarget section */
		BB7DCEFF2B0D29BE00D70D3E /* ElectronicProducts */ = {
			isa = PBXNativeTarget;
			buildConfigurationList = BB7DCF132B0D29BF00D70D3E /* Build configuration list for PBXNativeTarget "ElectronicProducts" */;
			buildPhases = (
				BB7DCEFC2B0D29BE00D70D3E /* Sources */,
				BB7DCEFD2B0D29BE00D70D3E /* Frameworks */,
				BB7DCEFE2B0D29BE00D70D3E /* Resources */,
			);
			buildRules = (
			);
			dependencies = (
			);
			name = ElectronicProducts;
			productName = ElectronicProducts;
			productReference = BB7DCF002B0D29BE00D70D3E /* ElectronicProducts.app */;
			productType = "com.apple.product-type.application";
		};
/* End PBXNativeTarget section */

/* Begin PBXProject section */
		BB7DCEF82B0D29BE00D70D3E /* Project object */ = {
			isa = PBXProject;
			attributes = {
				BuildIndependentTargetsInParallel = 1;
				LastSwiftUpdateCheck = 1500;
				LastUpgradeCheck = 1500;
				TargetAttributes = {
					BB7DCEFF2B0D29BE00D70D3E = {
						CreatedOnToolsVersion = 15.0.1;
					};
				};
			};
			buildConfigurationList = BB7DCEFB2B0D29BE00D70D3E /* Build configuration list for PBXProject "ElectronicProducts" */;
			compatibilityVersion = "Xcode 14.0";
			developmentRegion = en;
			hasScannedForEncodings = 0;
			knownRegions = (
				en,
				Base,
			);
			mainGroup = BB7DCEF72B0D29BE00D70D3E;
			productRefGroup = BB7DCF012B0D29BE00D70D3E /* Products */;
			projectDirPath = "";
			projectRoot = "";
			targets = (
				BB7DCEFF2B0D29BE00D70D3E /* ElectronicProducts */,
			);
		};
/* End PBXProject section */

/* Begin PBXResourcesBuildPhase section */
		BB7DCEFE2B0D29BE00D70D3E /* Resources */ = {
			isa = PBXResourcesBuildPhase;
			buildActionMask = 2147483647;
			files = (
				BB7DCF0B2B0D29BF00D70D3E /* Preview Assets.xcassets in Resources */,
				BB7DCF082B0D29BF00D70D3E /* Assets.xcassets in Resources */,
			);
			runOnlyForDeploymentPostprocessing = 0;
		};
/* End PBXResourcesBuildPhase section */

/* Begin PBXSourcesBuildPhase section */
		BB7DCEFC2B0D29BE00D70D3E /* Sources */ = {
			isa = PBXSourcesBuildPhase;
			buildActionMask = 2147483647;
			files = (
				BB7DCF1C2B0D342100D70D3E /* NetworkManager.swift in Sources */,
				BB7DCF0D2B0D29BF00D70D3E /* Persistence.swift in Sources */,
				BB7DCF042B0D29BE00D70D3E /* ElectronicProductsApp.swift in Sources */,
				BB7DCF332B0D8FC000D70D3E /* PreviewData.swift in Sources */,
				BB7DCF102B0D29BF00D70D3E /* ElectronicProducts.xcdatamodeld in Sources */,
				BB7DCF252B0D354F00D70D3E /* ProductViewModel.swift in Sources */,
				BB7DCF202B0D349700D70D3E /* ProductGridView.swift in Sources */,
				BB7DCF222B0D34A600D70D3E /* ProductGridCellView.swift in Sources */,
				BB7DCF352B0D8FFB00D70D3E /* ElectronicProductResponse.swift in Sources */,
				BB7DCF192B0D2B3B00D70D3E /* ElectronicProduct.swift in Sources */,
				BB7DCF292B0D35DB00D70D3E /* NetworkError.swift in Sources */,
				BB7DCF2F2B0D8E9200D70D3E /* ProductDetailView.swift in Sources */,
				BB7DCF2B2B0D361E00D70D3E /* CoreDataManager.swift in Sources */,
				BB7DCF2D2B0D8E2200D70D3E /* Constants.swift in Sources */,
			);
			runOnlyForDeploymentPostprocessing = 0;
		};
/* End PBXSourcesBuildPhase section */

/* Begin XCBuildConfiguration section */
		BB7DCF112B0D29BF00D70D3E /* Debug */ = {
			isa = XCBuildConfiguration;
			buildSettings = {
				ALWAYS_SEARCH_USER_PATHS = NO;
				ASSETCATALOG_COMPILER_GENERATE_SWIFT_ASSET_SYMBOL_EXTENSIONS = YES;
				CLANG_ANALYZER_NONNULL = YES;
				CLANG_ANALYZER_NUMBER_OBJECT_CONVERSION = YES_AGGRESSIVE;
				CLANG_CXX_LANGUAGE_STANDARD = "gnu++20";
				CLANG_ENABLE_MODULES = YES;
				CLANG_ENABLE_OBJC_ARC = YES;
				CLANG_ENABLE_OBJC_WEAK = YES;
				CLANG_WARN_BLOCK_CAPTURE_AUTORELEASING = YES;
				CLANG_WARN_BOOL_CONVERSION = YES;
				CLANG_WARN_COMMA = YES;
				CLANG_WARN_CONSTANT_CONVERSION = YES;
				CLANG_WARN_DEPRECATED_OBJC_IMPLEMENTATIONS = YES;
				CLANG_WARN_DIRECT_OBJC_ISA_USAGE = YES_ERROR;
				CLANG_WARN_DOCUMENTATION_COMMENTS = YES;
				CLANG_WARN_EMPTY_BODY = YES;
				CLANG_WARN_ENUM_CONVERSION = YES;
				CLANG_WARN_INFINITE_RECURSION = YES;
				CLANG_WARN_INT_CONVERSION = YES;
				CLANG_WARN_NON_LITERAL_NULL_CONVERSION = YES;
				CLANG_WARN_OBJC_IMPLICIT_RETAIN_SELF = YES;
				CLANG_WARN_OBJC_LITERAL_CONVERSION = YES;
				CLANG_WARN_OBJC_ROOT_CLASS = YES_ERROR;
				CLANG_WARN_QUOTED_INCLUDE_IN_FRAMEWORK_HEADER = YES;
				CLANG_WARN_RANGE_LOOP_ANALYSIS = YES;
				CLANG_WARN_STRICT_PROTOTYPES = YES;
				CLANG_WARN_SUSPICIOUS_MOVE = YES;
				CLANG_WARN_UNGUARDED_AVAILABILITY = YES_AGGRESSIVE;
				CLANG_WARN_UNREACHABLE_CODE = YES;
				CLANG_WARN__DUPLICATE_METHOD_MATCH = YES;
				COPY_PHASE_STRIP = NO;
				DEBUG_INFORMATION_FORMAT = dwarf;
				ENABLE_STRICT_OBJC_MSGSEND = YES;
				ENABLE_TESTABILITY = YES;
				ENABLE_USER_SCRIPT_SANDBOXING = YES;
				GCC_C_LANGUAGE_STANDARD = gnu17;
				GCC_DYNAMIC_NO_PIC = NO;
				GCC_NO_COMMON_BLOCKS = YES;
				GCC_OPTIMIZATION_LEVEL = 0;
				GCC_PREPROCESSOR_DEFINITIONS = (
					"DEBUG=1",
					"$(inherited)",
				);
				GCC_WARN_64_TO_32_BIT_CONVERSION = YES;
				GCC_WARN_ABOUT_RETURN_TYPE = YES_ERROR;
				GCC_WARN_UNDECLARED_SELECTOR = YES;
				GCC_WARN_UNINITIALIZED_AUTOS = YES_AGGRESSIVE;
				GCC_WARN_UNUSED_FUNCTION = YES;
				GCC_WARN_UNUSED_VARIABLE = YES;
				IPHONEOS_DEPLOYMENT_TARGET = 17.0;
				LOCALIZATION_PREFERS_STRING_CATALOGS = YES;
				MTL_ENABLE_DEBUG_INFO = INCLUDE_SOURCE;
				MTL_FAST_MATH = YES;
				ONLY_ACTIVE_ARCH = YES;
				SDKROOT = iphoneos;
				SWIFT_ACTIVE_COMPILATION_CONDITIONS = "DEBUG $(inherited)";
				SWIFT_OPTIMIZATION_LEVEL = "-Onone";
			};
			name = Debug;
		};
		BB7DCF122B0D29BF00D70D3E /* Release */ = {
			isa = XCBuildConfiguration;
			buildSettings = {
				ALWAYS_SEARCH_USER_PATHS = NO;
				ASSETCATALOG_COMPILER_GENERATE_SWIFT_ASSET_SYMBOL_EXTENSIONS = YES;
				CLANG_ANALYZER_NONNULL = YES;
				CLANG_ANALYZER_NUMBER_OBJECT_CONVERSION = YES_AGGRESSIVE;
				CLANG_CXX_LANGUAGE_STANDARD = "gnu++20";
				CLANG_ENABLE_MODULES = YES;
				CLANG_ENABLE_OBJC_ARC = YES;
				CLANG_ENABLE_OBJC_WEAK = YES;
				CLANG_WARN_BLOCK_CAPTURE_AUTORELEASING = YES;
				CLANG_WARN_BOOL_CONVERSION = YES;
				CLANG_WARN_COMMA = YES;
				CLANG_WARN_CONSTANT_CONVERSION = YES;
				CLANG_WARN_DEPRECATED_OBJC_IMPLEMENTATIONS = YES;
				CLANG_WARN_DIRECT_OBJC_ISA_USAGE = YES_ERROR;
				CLANG_WARN_DOCUMENTATION_COMMENTS = YES;
				CLANG_WARN_EMPTY_BODY = YES;
				CLANG_WARN_ENUM_CONVERSION = YES;
				CLANG_WARN_INFINITE_RECURSION = YES;
				CLANG_WARN_INT_CONVERSION = YES;
				CLANG_WARN_NON_LITERAL_NULL_CONVERSION = YES;
				CLANG_WARN_OBJC_IMPLICIT_RETAIN_SELF = YES;
				CLANG_WARN_OBJC_LITERAL_CONVERSION = YES;
				CLANG_WARN_OBJC_ROOT_CLASS = YES_ERROR;
				CLANG_WARN_QUOTED_INCLUDE_IN_FRAMEWORK_HEADER = YES;
				CLANG_WARN_RANGE_LOOP_ANALYSIS = YES;
				CLANG_WARN_STRICT_PROTOTYPES = YES;
				CLANG_WARN_SUSPICIOUS_MOVE = YES;
				CLANG_WARN_UNGUARDED_AVAILABILITY = YES_AGGRESSIVE;
				CLANG_WARN_UNREACHABLE_CODE = YES;
				CLANG_WARN__DUPLICATE_METHOD_MATCH = YES;
				COPY_PHASE_STRIP = NO;
				DEBUG_INFORMATION_FORMAT = "dwarf-with-dsym";
				ENABLE_NS_ASSERTIONS = NO;
				ENABLE_STRICT_OBJC_MSGSEND = YES;
				ENABLE_USER_SCRIPT_SANDBOXING = YES;
				GCC_C_LANGUAGE_STANDARD = gnu17;
				GCC_NO_COMMON_BLOCKS = YES;
				GCC_WARN_64_TO_32_BIT_CONVERSION = YES;
				GCC_WARN_ABOUT_RETURN_TYPE = YES_ERROR;
				GCC_WARN_UNDECLARED_SELECTOR = YES;
				GCC_WARN_UNINITIALIZED_AUTOS = YES_AGGRESSIVE;
				GCC_WARN_UNUSED_FUNCTION = YES;
				GCC_WARN_UNUSED_VARIABLE = YES;
				IPHONEOS_DEPLOYMENT_TARGET = 17.0;
				LOCALIZATION_PREFERS_STRING_CATALOGS = YES;
				MTL_ENABLE_DEBUG_INFO = NO;
				MTL_FAST_MATH = YES;
				SDKROOT = iphoneos;
				SWIFT_COMPILATION_MODE = wholemodule;
				VALIDATE_PRODUCT = YES;
			};
			name = Release;
		};
		BB7DCF142B0D29BF00D70D3E /* Debug */ = {
			isa = XCBuildConfiguration;
			buildSettings = {
				ASSETCATALOG_COMPILER_APPICON_NAME = AppIcon;
				ASSETCATALOG_COMPILER_GLOBAL_ACCENT_COLOR_NAME = AccentColor;
				CODE_SIGN_STYLE = Automatic;
				CURRENT_PROJECT_VERSION = 1;
				DEVELOPMENT_ASSET_PATHS = "\"ElectronicProducts/Preview Content\"";
				DEVELOPMENT_TEAM = FVEGF5DQ7U;
				ENABLE_PREVIEWS = YES;
				GENERATE_INFOPLIST_FILE = YES;
				INFOPLIST_KEY_UIApplicationSceneManifest_Generation = YES;
				INFOPLIST_KEY_UIApplicationSupportsIndirectInputEvents = YES;
				INFOPLIST_KEY_UILaunchScreen_Generation = YES;
				INFOPLIST_KEY_UISupportedInterfaceOrientations_iPad = "UIInterfaceOrientationPortrait UIInterfaceOrientationPortraitUpsideDown UIInterfaceOrientationLandscapeLeft UIInterfaceOrientationLandscapeRight";
				INFOPLIST_KEY_UISupportedInterfaceOrientations_iPhone = "UIInterfaceOrientationPortrait UIInterfaceOrientationLandscapeLeft UIInterfaceOrientationLandscapeRight";
				LD_RUNPATH_SEARCH_PATHS = (
					"$(inherited)",
					"@executable_path/Frameworks",
				);
				MARKETING_VERSION = 1.0;
				PRODUCT_BUNDLE_IDENTIFIER = sugurutokuda.ElectronicProducts;
				PRODUCT_NAME = "$(TARGET_NAME)";
				SWIFT_EMIT_LOC_STRINGS = YES;
				SWIFT_VERSION = 5.0;
				TARGETED_DEVICE_FAMILY = "1,2";
			};
			name = Debug;
		};
		BB7DCF152B0D29BF00D70D3E /* Release */ = {
			isa = XCBuildConfiguration;
			buildSettings = {
				ASSETCATALOG_COMPILER_APPICON_NAME = AppIcon;
				ASSETCATALOG_COMPILER_GLOBAL_ACCENT_COLOR_NAME = AccentColor;
				CODE_SIGN_STYLE = Automatic;
				CURRENT_PROJECT_VERSION = 1;
				DEVELOPMENT_ASSET_PATHS = "\"ElectronicProducts/Preview Content\"";
				DEVELOPMENT_TEAM = FVEGF5DQ7U;
				ENABLE_PREVIEWS = YES;
				GENERATE_INFOPLIST_FILE = YES;
				INFOPLIST_KEY_UIApplicationSceneManifest_Generation = YES;
				INFOPLIST_KEY_UIApplicationSupportsIndirectInputEvents = YES;
				INFOPLIST_KEY_UILaunchScreen_Generation = YES;
				INFOPLIST_KEY_UISupportedInterfaceOrientations_iPad = "UIInterfaceOrientationPortrait UIInterfaceOrientationPortraitUpsideDown UIInterfaceOrientationLandscapeLeft UIInterfaceOrientationLandscapeRight";
				INFOPLIST_KEY_UISupportedInterfaceOrientations_iPhone = "UIInterfaceOrientationPortrait UIInterfaceOrientationLandscapeLeft UIInterfaceOrientationLandscapeRight";
				LD_RUNPATH_SEARCH_PATHS = (
					"$(inherited)",
					"@executable_path/Frameworks",
				);
				MARKETING_VERSION = 1.0;
				PRODUCT_BUNDLE_IDENTIFIER = sugurutokuda.ElectronicProducts;
				PRODUCT_NAME = "$(TARGET_NAME)";
				SWIFT_EMIT_LOC_STRINGS = YES;
				SWIFT_VERSION = 5.0;
				TARGETED_DEVICE_FAMILY = "1,2";
			};
			name = Release;
		};
/* End XCBuildConfiguration section */

/* Begin XCConfigurationList section */
		BB7DCEFB2B0D29BE00D70D3E /* Build configuration list for PBXProject "ElectronicProducts" */ = {
			isa = XCConfigurationList;
			buildConfigurations = (
				BB7DCF112B0D29BF00D70D3E /* Debug */,
				BB7DCF122B0D29BF00D70D3E /* Release */,
			);
			defaultConfigurationIsVisible = 0;
			defaultConfigurationName = Release;
		};
		BB7DCF132B0D29BF00D70D3E /* Build configuration list for PBXNativeTarget "ElectronicProducts" */ = {
			isa = XCConfigurationList;
			buildConfigurations = (
				BB7DCF142B0D29BF00D70D3E /* Debug */,
				BB7DCF152B0D29BF00D70D3E /* Release */,
			);
			defaultConfigurationIsVisible = 0;
			defaultConfigurationName = Release;
		};
/* End XCConfigurationList section */

/* Begin XCVersionGroup section */
		BB7DCF0E2B0D29BF00D70D3E /* ElectronicProducts.xcdatamodeld */ = {
			isa = XCVersionGroup;
			children = (
				BB7DCF0F2B0D29BF00D70D3E /* ElectronicProducts.xcdatamodel */,
			);
			currentVersion = BB7DCF0F2B0D29BF00D70D3E /* ElectronicProducts.xcdatamodel */;
			path = ElectronicProducts.xcdatamodeld;
			sourceTree = "<group>";
			versionGroupType = wrapper.xcdatamodel;
		};
/* End XCVersionGroup section */
	};
	rootObject = BB7DCEF82B0D29BE00D70D3E /* Project object */;
}
